PODS:
  - STBaseProject (0.1.0):
    - STBaseProject/STBaseViewController (= 0.1.0)
  - STBaseProject/STBaseViewController (0.1.0)

DEPENDENCIES:
  - STBaseProject (from `../`)

EXTERNAL SOURCES:
  STBaseProject:
    :path: "../"

SPEC CHECKSUMS:
  STBaseProject: 68b41c7ab55b1d9bc43304c45da90d5ffa52a1f3

PODFILE CHECKSUM: eb53bad16d6d0b32b1ea0df9803464db22342ee0

COCOAPODS: 1.6.1
