PODS:
  - STBaseProject/STBaseModule (1.1.4):
    - STBaseProject/STBaseModule/STBaseModel (= 1.1.4)
    - STBaseProject/STBaseModule/STBaseView (= 1.1.4)
    - STBaseProject/STBaseModule/STBaseViewController (= 1.1.4)
    - STBaseProject/STBaseModule/STBaseViewModel (= 1.1.4)
    - STBaseProject/STBaseModule/STExtension (= 1.1.4)
  - STBaseProject/STBaseModule/STBaseModel (1.1.4)
  - STBaseProject/STBaseModule/STBaseView (1.1.4)
  - STBaseProject/STBaseModule/STBaseViewController (1.1.4)
  - STBaseProject/STBaseModule/STBaseViewModel (1.1.4)
  - STBaseProject/STBaseModule/STExtension (1.1.4)

DEPENDENCIES:
  - STBaseProject/STBaseModule (from `../`)

EXTERNAL SOURCES:
  STBaseProject:
    :path: "../"

SPEC CHECKSUMS:
  STBaseProject: e5ca7b6191c5372d4412274680874bcd7985fcf1

PODFILE CHECKSUM: f3244c801690ed24e724b1dc0ac9787cbb61cb1b

COCOAPODS: 1.16.2
