PODS:
  - STBaseProject/STBaseModule (1.0.9)

DEPENDENCIES:
  - STBaseProject/STBaseModule (from `../`)

EXTERNAL SOURCES:
  STBaseProject:
    :path: "../"

SPEC CHECKSUMS:
  STBaseProject: 64ea088dd4988791d1eb441bf3a021a9d0f09dd6

PODFILE CHECKSUM: c83f51a11def85f928922e6149bde4f010ebc8f6

COCOAPODS: 1.16.2
